
Microsoft Visual Studio Solution File, Format Version 12.00
# Visual Studio Version 16
VisualStudioVersion = 16.0.31129.286
MinimumVisualStudioVersion = 10.0.40219.1
Project("{FAE04EC0-301F-11D3-BF4B-00C04F79EFBC}") = "SunLex.WebAPI", "src\SunLex.WebAPI\SunLex.WebAPI.csproj", "{B9EC56BE-C5C1-4B15-A7F0-0482F70C8C33}"
EndProject
Project("{FAE04EC0-301F-11D3-BF4B-00C04F79EFBC}") = "SunLex.ApplicationCore", "src\SunLex.ApplicationCore\SunLex.ApplicationCore.csproj", "{14151FCD-9717-4297-A9CF-7C888C8BD019}"
EndProject
Project("{FAE04EC0-301F-11D3-BF4B-00C04F79EFBC}") = "SunLex.Infrastructure", "src\SunLex.Infrastructure\SunLex.Infrastructure.csproj", "{662D59F8-9528-4231-A79E-AF9E6F23DF64}"
EndProject
Global
	GlobalSection(SolutionConfigurationPlatforms) = preSolution
		Debug|Any CPU = Debug|Any CPU
		Release|Any CPU = Release|Any CPU
	EndGlobalSection
	GlobalSection(ProjectConfigurationPlatforms) = postSolution
		{B9EC56BE-C5C1-4B15-A7F0-0482F70C8C33}.Debug|Any CPU.ActiveCfg = Debug|Any CPU
		{B9EC56BE-C5C1-4B15-A7F0-0482F70C8C33}.Debug|Any CPU.Build.0 = Debug|Any CPU
		{B9EC56BE-C5C1-4B15-A7F0-0482F70C8C33}.Release|Any CPU.ActiveCfg = Release|Any CPU
		{B9EC56BE-C5C1-4B15-A7F0-0482F70C8C33}.Release|Any CPU.Build.0 = Release|Any CPU
		{14151FCD-9717-4297-A9CF-7C888C8BD019}.Debug|Any CPU.ActiveCfg = Debug|Any CPU
		{14151FCD-9717-4297-A9CF-7C888C8BD019}.Debug|Any CPU.Build.0 = Debug|Any CPU
		{14151FCD-9717-4297-A9CF-7C888C8BD019}.Release|Any CPU.ActiveCfg = Release|Any CPU
		{14151FCD-9717-4297-A9CF-7C888C8BD019}.Release|Any CPU.Build.0 = Release|Any CPU
		{662D59F8-9528-4231-A79E-AF9E6F23DF64}.Debug|Any CPU.ActiveCfg = Debug|Any CPU
		{662D59F8-9528-4231-A79E-AF9E6F23DF64}.Debug|Any CPU.Build.0 = Debug|Any CPU
		{662D59F8-9528-4231-A79E-AF9E6F23DF64}.Release|Any CPU.ActiveCfg = Release|Any CPU
		{662D59F8-9528-4231-A79E-AF9E6F23DF64}.Release|Any CPU.Build.0 = Release|Any CPU
	EndGlobalSection
	GlobalSection(SolutionProperties) = preSolution
		HideSolutionNode = FALSE
	EndGlobalSection
	GlobalSection(ExtensibilityGlobals) = postSolution
		SolutionGuid = {92957B58-47B5-48D0-A293-5694E2004802}
	EndGlobalSection
EndGlobal
